
Microsoft Visual Studio Solution File, Format Version 12.00
# Visual Studio 15
Project("{FAE04EC0-301F-11D3-BF4B-00C04F79EFBC}") = "Nobi.UiRoundedCorners.Editor", "Nobi.UiRoundedCorners.Editor.csproj", "{F636B2F8-4829-F265-E8E6-C4101D2D0B8D}"
EndProject
Project("{FAE04EC0-301F-11D3-BF4B-00C04F79EFBC}") = "Nobi.UiRoundedCorners", "Nobi.UiRoundedCorners.csproj", "{A25349EA-2E4D-647E-277B-B5FC44E0E58C}"
EndProject
Global
	GlobalSection(SolutionConfigurationPlatforms) = preSolution
		Debug|Any CPU = Debug|Any CPU
		Release|Any CPU = Release|Any CPU
	EndGlobalSection
	GlobalSection(ProjectConfigurationPlatforms) = postSolution
		{F636B2F8-4829-F265-E8E6-C4101D2D0B8D}.Debug|Any CPU.ActiveCfg = Debug|Any CPU
		{F636B2F8-4829-F265-E8E6-C4101D2D0B8D}.Debug|Any CPU.Build.0 = Debug|Any CPU
		{F636B2F8-4829-F265-E8E6-C4101D2D0B8D}.Release|Any CPU.ActiveCfg = Release|Any CPU
		{F636B2F8-4829-F265-E8E6-C4101D2D0B8D}.Release|Any CPU.Build.0 = Release|Any CPU
		{A25349EA-2E4D-647E-277B-B5FC44E0E58C}.Debug|Any CPU.ActiveCfg = Debug|Any CPU
		{A25349EA-2E4D-647E-277B-B5FC44E0E58C}.Debug|Any CPU.Build.0 = Debug|Any CPU
		{A25349EA-2E4D-647E-277B-B5FC44E0E58C}.Release|Any CPU.ActiveCfg = Release|Any CPU
		{A25349EA-2E4D-647E-277B-B5FC44E0E58C}.Release|Any CPU.Build.0 = Release|Any CPU
	EndGlobalSection
	GlobalSection(SolutionProperties) = preSolution
		HideSolutionNode = FALSE
	EndGlobalSection
EndGlobal
